// !$*UTF8*$!
{
	archiveVersion = 1;
	classes = {
	};
	objectVersion = 56;
	objects = {

/* Begin PBXBuildFile section */
		9E1152AF2A27866B004CB460 /* HubbleApp.swift in Sources */ = {isa = PBXBuildFile; fileRef = 9E1152AE2A27866B004CB460 /* HubbleApp.swift */; };
		9E1152B12A27866B004CB460 /* LaunchScreen.swift in Sources */ = {isa = PBXBuildFile; fileRef = 9E1152B02A27866B004CB460 /* LaunchScreen.swift */; };
		9E1152B32A27866C004CB460 /* Assets.xcassets in Resources */ = {isa = PBXBuildFile; fileRef = 9E1152B22A27866C004CB460 /* Assets.xcassets */; };
		9E1152B62A27866C004CB460 /* Preview Assets.xcassets in Resources */ = {isa = PBXBuildFile; fileRef = 9E1152B52A27866C004CB460 /* Preview Assets.xcassets */; };
		9E1152BD2A278FE2004CB460 /* ColorsHelper.swift in Sources */ = {isa = PBXBuildFile; fileRef = 9E1152BC2A278FE2004CB460 /* ColorsHelper.swift */; };
		9E1152C32A28D1C6004CB460 /* SuccessfulPaymentPlanScreen.swift in Sources */ = {isa = PBXBuildFile; fileRef = 9E1152C22A28D1C6004CB460 /* SuccessfulPaymentPlanScreen.swift */; };
		9E1152C82A28E27E004CB460 /* LoginScreen.swift in Sources */ = {isa = PBXBuildFile; fileRef = 9E1152C72A28E27E004CB460 /* LoginScreen.swift */; };
		9E1152CA2A28E54C004CB460 /* LoginPasswordScreen.swift in Sources */ = {isa = PBXBuildFile; fileRef = 9E1152C92A28E54C004CB460 /* LoginPasswordScreen.swift */; };
		9E1152CD2A28E91A004CB460 /* RecoverPasswordScreen.swift in Sources */ = {isa = PBXBuildFile; fileRef = 9E1152CC2A28E91A004CB460 /* RecoverPasswordScreen.swift */; };
		9E1152CF2A28E9AF004CB460 /* AuthCodeScreen.swift in Sources */ = {isa = PBXBuildFile; fileRef = 9E1152CE2A28E9AF004CB460 /* AuthCodeScreen.swift */; };
		9E1152D12A28E9D8004CB460 /* CreateNewPasswordScreen.swift in Sources */ = {isa = PBXBuildFile; fileRef = 9E1152D02A28E9D8004CB460 /* CreateNewPasswordScreen.swift */; };
		9E5224822A28978E004D030B /* AddYourEmailScreen.swift in Sources */ = {isa = PBXBuildFile; fileRef = 9E5224812A28978E004D030B /* AddYourEmailScreen.swift */; };
		9E5458192A27C86D003BA52D /* SquareGrayButtonWithIcon.swift in Sources */ = {isa = PBXBuildFile; fileRef = 9E5458152A27C86D003BA52D /* SquareGrayButtonWithIcon.swift */; };
		9E54581A2A27C86D003BA52D /* SecondaryGrayButton.swift in Sources */ = {isa = PBXBuildFile; fileRef = 9E5458162A27C86D003BA52D /* SecondaryGrayButton.swift */; };
		9E54581B2A27C86D003BA52D /* PrimaryPurpleButton.swift in Sources */ = {isa = PBXBuildFile; fileRef = 9E5458172A27C86D003BA52D /* PrimaryPurpleButton.swift */; };
		9E54581C2A27C86D003BA52D /* SecondaryGrayButtonWithIcon.swift in Sources */ = {isa = PBXBuildFile; fileRef = 9E5458182A27C86D003BA52D /* SecondaryGrayButtonWithIcon.swift */; };
		9E54581F2A27C893003BA52D /* WelcomeScreen.swift in Sources */ = {isa = PBXBuildFile; fileRef = 9E54581E2A27C893003BA52D /* WelcomeScreen.swift */; };
		9E5458232A27C8C4003BA52D /* RegisterScreen.swift in Sources */ = {isa = PBXBuildFile; fileRef = 9E5458222A27C8C4003BA52D /* RegisterScreen.swift */; };
		9E5458252A27DD69003BA52D /* AboutYouScreen.swift in Sources */ = {isa = PBXBuildFile; fileRef = 9E5458242A27DD69003BA52D /* AboutYouScreen.swift */; };
		9E5FA23A2A289AC8001B04EC /* CreateUsernameScreen.swift in Sources */ = {isa = PBXBuildFile; fileRef = 9E5FA2392A289AC8001B04EC /* CreateUsernameScreen.swift */; };
		9E5FA23C2A289CD9001B04EC /* CreatePasswordScreen.swift in Sources */ = {isa = PBXBuildFile; fileRef = 9E5FA23B2A289CD9001B04EC /* CreatePasswordScreen.swift */; };
		9E843EBE2A27EA690044EABF /* Extentions.swift in Sources */ = {isa = PBXBuildFile; fileRef = 9E843EBD2A27EA690044EABF /* Extentions.swift */; };
		9E9A2E292A28A45E009A862C /* ChoseYourPlanScreen.swift in Sources */ = {isa = PBXBuildFile; fileRef = 9E9A2E282A28A45E009A862C /* ChoseYourPlanScreen.swift */; };
/* End PBXBuildFile section */

/* Begin PBXFileReference section */
		9E1152AB2A27866B004CB460 /* Hubble.app */ = {isa = PBXFileReference; explicitFileType = wrapper.application; includeInIndex = 0; path = Hubble.app; sourceTree = BUILT_PRODUCTS_DIR; };
		9E1152AE2A27866B004CB460 /* HubbleApp.swift */ = {isa = PBXFileReference; lastKnownFileType = sourcecode.swift; path = HubbleApp.swift; sourceTree = "<group>"; };
		9E1152B02A27866B004CB460 /* LaunchScreen.swift */ = {isa = PBXFileReference; lastKnownFileType = sourcecode.swift; path = LaunchScreen.swift; sourceTree = "<group>"; };
		9E1152B22A27866C004CB460 /* Assets.xcassets */ = {isa = PBXFileReference; lastKnownFileType = folder.assetcatalog; path = Assets.xcassets; sourceTree = "<group>"; };
		9E1152B52A27866C004CB460 /* Preview Assets.xcassets */ = {isa = PBXFileReference; lastKnownFileType = folder.assetcatalog; path = "Preview Assets.xcassets"; sourceTree = "<group>"; };
		9E1152BC2A278FE2004CB460 /* ColorsHelper.swift */ = {isa = PBXFileReference; lastKnownFileType = sourcecode.swift; path = ColorsHelper.swift; sourceTree = "<group>"; };
		9E1152C22A28D1C6004CB460 /* SuccessfulPaymentPlanScreen.swift */ = {isa = PBXFileReference; lastKnownFileType = sourcecode.swift; path = SuccessfulPaymentPlanScreen.swift; sourceTree = "<group>"; };
		9E1152C72A28E27E004CB460 /* LoginScreen.swift */ = {isa = PBXFileReference; lastKnownFileType = sourcecode.swift; path = LoginScreen.swift; sourceTree = "<group>"; };
		9E1152C92A28E54C004CB460 /* LoginPasswordScreen.swift */ = {isa = PBXFileReference; lastKnownFileType = sourcecode.swift; path = LoginPasswordScreen.swift; sourceTree = "<group>"; };
		9E1152CC2A28E91A004CB460 /* RecoverPasswordScreen.swift */ = {isa = PBXFileReference; lastKnownFileType = sourcecode.swift; path = RecoverPasswordScreen.swift; sourceTree = "<group>"; };
		9E1152CE2A28E9AF004CB460 /* AuthCodeScreen.swift */ = {isa = PBXFileReference; lastKnownFileType = sourcecode.swift; path = AuthCodeScreen.swift; sourceTree = "<group>"; };
		9E1152D02A28E9D8004CB460 /* CreateNewPasswordScreen.swift */ = {isa = PBXFileReference; lastKnownFileType = sourcecode.swift; path = CreateNewPasswordScreen.swift; sourceTree = "<group>"; };
		9E5224812A28978E004D030B /* AddYourEmailScreen.swift */ = {isa = PBXFileReference; lastKnownFileType = sourcecode.swift; path = AddYourEmailScreen.swift; sourceTree = "<group>"; };
		9E5458152A27C86D003BA52D /* SquareGrayButtonWithIcon.swift */ = {isa = PBXFileReference; fileEncoding = 4; lastKnownFileType = sourcecode.swift; path = SquareGrayButtonWithIcon.swift; sourceTree = "<group>"; };
		9E5458162A27C86D003BA52D /* SecondaryGrayButton.swift */ = {isa = PBXFileReference; fileEncoding = 4; lastKnownFileType = sourcecode.swift; path = SecondaryGrayButton.swift; sourceTree = "<group>"; };
		9E5458172A27C86D003BA52D /* PrimaryPurpleButton.swift */ = {isa = PBXFileReference; fileEncoding = 4; lastKnownFileType = sourcecode.swift; path = PrimaryPurpleButton.swift; sourceTree = "<group>"; };
		9E5458182A27C86D003BA52D /* SecondaryGrayButtonWithIcon.swift */ = {isa = PBXFileReference; fileEncoding = 4; lastKnownFileType = sourcecode.swift; path = SecondaryGrayButtonWithIcon.swift; sourceTree = "<group>"; };
		9E54581E2A27C893003BA52D /* WelcomeScreen.swift */ = {isa = PBXFileReference; fileEncoding = 4; lastKnownFileType = sourcecode.swift; path = WelcomeScreen.swift; sourceTree = "<group>"; };
		9E5458222A27C8C4003BA52D /* RegisterScreen.swift */ = {isa = PBXFileReference; fileEncoding = 4; lastKnownFileType = sourcecode.swift; path = RegisterScreen.swift; sourceTree = "<group>"; };
		9E5458242A27DD69003BA52D /* AboutYouScreen.swift */ = {isa = PBXFileReference; lastKnownFileType = sourcecode.swift; path = AboutYouScreen.swift; sourceTree = "<group>"; };
		9E5FA2392A289AC8001B04EC /* CreateUsernameScreen.swift */ = {isa = PBXFileReference; lastKnownFileType = sourcecode.swift; path = CreateUsernameScreen.swift; sourceTree = "<group>"; };
		9E5FA23B2A289CD9001B04EC /* CreatePasswordScreen.swift */ = {isa = PBXFileReference; lastKnownFileType = sourcecode.swift; path = CreatePasswordScreen.swift; sourceTree = "<group>"; };
		9E843EBD2A27EA690044EABF /* Extentions.swift */ = {isa = PBXFileReference; lastKnownFileType = sourcecode.swift; path = Extentions.swift; sourceTree = "<group>"; };
		9E9A2E282A28A45E009A862C /* ChoseYourPlanScreen.swift */ = {isa = PBXFileReference; lastKnownFileType = sourcecode.swift; path = ChoseYourPlanScreen.swift; sourceTree = "<group>"; };
/* End PBXFileReference section */

/* Begin PBXFrameworksBuildPhase section */
		9E1152A82A27866B004CB460 /* Frameworks */ = {
			isa = PBXFrameworksBuildPhase;
			buildActionMask = 2147483647;
			files = (
			);
			runOnlyForDeploymentPostprocessing = 0;
		};
/* End PBXFrameworksBuildPhase section */

/* Begin PBXGroup section */
		9E1152A22A27866B004CB460 = {
			isa = PBXGroup;
			children = (
				9E1152AD2A27866B004CB460 /* Hubble */,
				9E1152AC2A27866B004CB460 /* Products */,
			);
			sourceTree = "<group>";
		};
		9E1152AC2A27866B004CB460 /* Products */ = {
			isa = PBXGroup;
			children = (
				9E1152AB2A27866B004CB460 /* Hubble.app */,
			);
			name = Products;
			sourceTree = "<group>";
		};
		9E1152AD2A27866B004CB460 /* Hubble */ = {
			isa = PBXGroup;
			children = (
				9E1152AE2A27866B004CB460 /* HubbleApp.swift */,
				9E1152B02A27866B004CB460 /* LaunchScreen.swift */,
				9E54581E2A27C893003BA52D /* WelcomeScreen.swift */,
				9E1152C52A28E257004CB460 /* Login */,
				9E5458202A27C8A7003BA52D /* Onboarding */,
				9E5458142A27C84B003BA52D /* Components */,
				9E1152BE2A279476004CB460 /* Helpers */,
				9E1152BF2A27948B004CB460 /* Resources */,
				9E1152B42A27866C004CB460 /* Preview Content */,
			);
			path = Hubble;
			sourceTree = "<group>";
		};
		9E1152B42A27866C004CB460 /* Preview Content */ = {
			isa = PBXGroup;
			children = (
				9E1152B52A27866C004CB460 /* Preview Assets.xcassets */,
			);
			path = "Preview Content";
			sourceTree = "<group>";
		};
		9E1152BE2A279476004CB460 /* Helpers */ = {
			isa = PBXGroup;
			children = (
				9E1152BC2A278FE2004CB460 /* ColorsHelper.swift */,
				9E843EBD2A27EA690044EABF /* Extentions.swift */,
			);
			path = Helpers;
			sourceTree = "<group>";
		};
		9E1152BF2A27948B004CB460 /* Resources */ = {
			isa = PBXGroup;
			children = (
				9E1152B22A27866C004CB460 /* Assets.xcassets */,
			);
			path = Resources;
			sourceTree = "<group>";
		};
		9E1152C52A28E257004CB460 /* Login */ = {
			isa = PBXGroup;
			children = (
				9E1152C62A28E26A004CB460 /* Views */,
			);
			path = Login;
			sourceTree = "<group>";
		};
		9E1152C62A28E26A004CB460 /* Views */ = {
			isa = PBXGroup;
			children = (
				9E1152C72A28E27E004CB460 /* LoginScreen.swift */,
				9E1152C92A28E54C004CB460 /* LoginPasswordScreen.swift */,
				9E1152CC2A28E91A004CB460 /* RecoverPasswordScreen.swift */,
				9E1152CE2A28E9AF004CB460 /* AuthCodeScreen.swift */,
				9E1152D02A28E9D8004CB460 /* CreateNewPasswordScreen.swift */,
			);
			path = Views;
			sourceTree = "<group>";
		};
		9E5458142A27C84B003BA52D /* Components */ = {
			isa = PBXGroup;
			children = (
				9E54581D2A27C871003BA52D /* Buttons */,
			);
			path = Components;
			sourceTree = "<group>";
		};
		9E54581D2A27C871003BA52D /* Buttons */ = {
			isa = PBXGroup;
			children = (
				9E5458172A27C86D003BA52D /* PrimaryPurpleButton.swift */,
				9E5458162A27C86D003BA52D /* SecondaryGrayButton.swift */,
				9E5458182A27C86D003BA52D /* SecondaryGrayButtonWithIcon.swift */,
				9E5458152A27C86D003BA52D /* SquareGrayButtonWithIcon.swift */,
			);
			path = Buttons;
			sourceTree = "<group>";
		};
		9E5458202A27C8A7003BA52D /* Onboarding */ = {
			isa = PBXGroup;
			children = (
				9E5458212A27C8B9003BA52D /* Views */,
			);
			path = Onboarding;
			sourceTree = "<group>";
		};
		9E5458212A27C8B9003BA52D /* Views */ = {
			isa = PBXGroup;
			children = (
				9E5458222A27C8C4003BA52D /* RegisterScreen.swift */,
				9E5458242A27DD69003BA52D /* AboutYouScreen.swift */,
				9E5224812A28978E004D030B /* AddYourEmailScreen.swift */,
				9E5FA2392A289AC8001B04EC /* CreateUsernameScreen.swift */,
				9E5FA23B2A289CD9001B04EC /* CreatePasswordScreen.swift */,
				9E9A2E282A28A45E009A862C /* ChoseYourPlanScreen.swift */,
				9E1152C22A28D1C6004CB460 /* SuccessfulPaymentPlanScreen.swift */,
			);
			path = Views;
			sourceTree = "<group>";
		};
/* End PBXGroup section */

/* Begin PBXNativeTarget section */
		9E1152AA2A27866B004CB460 /* Hubble */ = {
			isa = PBXNativeTarget;
			buildConfigurationList = 9E1152B92A27866C004CB460 /* Build configuration list for PBXNativeTarget "Hubble" */;
			buildPhases = (
				9E1152A72A27866B004CB460 /* Sources */,
				9E1152A82A27866B004CB460 /* Frameworks */,
				9E1152A92A27866B004CB460 /* Resources */,
			);
			buildRules = (
			);
			dependencies = (
			);
			name = Hubble;
			productName = Hubble;
			productReference = 9E1152AB2A27866B004CB460 /* Hubble.app */;
			productType = "com.apple.product-type.application";
		};
/* End PBXNativeTarget section */

/* Begin PBXProject section */
		9E1152A32A27866B004CB460 /* Project object */ = {
			isa = PBXProject;
			attributes = {
				BuildIndependentTargetsInParallel = 1;
				LastSwiftUpdateCheck = 1430;
				LastUpgradeCheck = 1430;
				TargetAttributes = {
					9E1152AA2A27866B004CB460 = {
						CreatedOnToolsVersion = 14.3;
					};
				};
			};
			buildConfigurationList = 9E1152A62A27866B004CB460 /* Build configuration list for PBXProject "Hubble" */;
			compatibilityVersion = "Xcode 14.0";
			developmentRegion = en;
			hasScannedForEncodings = 0;
			knownRegions = (
				en,
				Base,
			);
			mainGroup = 9E1152A22A27866B004CB460;
			productRefGroup = 9E1152AC2A27866B004CB460 /* Products */;
			projectDirPath = "";
			projectRoot = "";
			targets = (
				9E1152AA2A27866B004CB460 /* Hubble */,
			);
		};
/* End PBXProject section */

/* Begin PBXResourcesBuildPhase section */
		9E1152A92A27866B004CB460 /* Resources */ = {
			isa = PBXResourcesBuildPhase;
			buildActionMask = 2147483647;
			files = (
				9E1152B62A27866C004CB460 /* Preview Assets.xcassets in Resources */,
				9E1152B32A27866C004CB460 /* Assets.xcassets in Resources */,
			);
			runOnlyForDeploymentPostprocessing = 0;
		};
/* End PBXResourcesBuildPhase section */

/* Begin PBXSourcesBuildPhase section */
		9E1152A72A27866B004CB460 /* Sources */ = {
			isa = PBXSourcesBuildPhase;
			buildActionMask = 2147483647;
			files = (
				9E5FA23C2A289CD9001B04EC /* CreatePasswordScreen.swift in Sources */,
				9E54581C2A27C86D003BA52D /* SecondaryGrayButtonWithIcon.swift in Sources */,
				9E1152B12A27866B004CB460 /* LaunchScreen.swift in Sources */,
				9E9A2E292A28A45E009A862C /* ChoseYourPlanScreen.swift in Sources */,
				9E1152CD2A28E91A004CB460 /* RecoverPasswordScreen.swift in Sources */,
				9E54581F2A27C893003BA52D /* WelcomeScreen.swift in Sources */,
				9E843EBE2A27EA690044EABF /* Extentions.swift in Sources */,
				9E1152CA2A28E54C004CB460 /* LoginPasswordScreen.swift in Sources */,
				9E1152C82A28E27E004CB460 /* LoginScreen.swift in Sources */,
				9E5458232A27C8C4003BA52D /* RegisterScreen.swift in Sources */,
				9E5FA23A2A289AC8001B04EC /* CreateUsernameScreen.swift in Sources */,
				9E54581B2A27C86D003BA52D /* PrimaryPurpleButton.swift in Sources */,
				9E1152CF2A28E9AF004CB460 /* AuthCodeScreen.swift in Sources */,
				9E5458252A27DD69003BA52D /* AboutYouScreen.swift in Sources */,
				9E1152D12A28E9D8004CB460 /* CreateNewPasswordScreen.swift in Sources */,
				9E54581A2A27C86D003BA52D /* SecondaryGrayButton.swift in Sources */,
				9E5458192A27C86D003BA52D /* SquareGrayButtonWithIcon.swift in Sources */,
				9E1152AF2A27866B004CB460 /* HubbleApp.swift in Sources */,
				9E1152BD2A278FE2004CB460 /* ColorsHelper.swift in Sources */,
				9E5224822A28978E004D030B /* AddYourEmailScreen.swift in Sources */,
				9E1152C32A28D1C6004CB460 /* SuccessfulPaymentPlanScreen.swift in Sources */,
			);
			runOnlyForDeploymentPostprocessing = 0;
		};
/* End PBXSourcesBuildPhase section */

/* Begin XCBuildConfiguration section */
		9E1152B72A27866C004CB460 /* Debug */ = {
			isa = XCBuildConfiguration;
			buildSettings = {
				ALWAYS_SEARCH_USER_PATHS = NO;
				CLANG_ANALYZER_NONNULL = YES;
				CLANG_ANALYZER_NUMBER_OBJECT_CONVERSION = YES_AGGRESSIVE;
				CLANG_CXX_LANGUAGE_STANDARD = "gnu++20";
				CLANG_ENABLE_MODULES = YES;
				CLANG_ENABLE_OBJC_ARC = YES;
				CLANG_ENABLE_OBJC_WEAK = YES;
				CLANG_WARN_BLOCK_CAPTURE_AUTORELEASING = YES;
				CLANG_WARN_BOOL_CONVERSION = YES;
				CLANG_WARN_COMMA = YES;
				CLANG_WARN_CONSTANT_CONVERSION = YES;
				CLANG_WARN_DEPRECATED_OBJC_IMPLEMENTATIONS = YES;
				CLANG_WARN_DIRECT_OBJC_ISA_USAGE = YES_ERROR;
				CLANG_WARN_DOCUMENTATION_COMMENTS = YES;
				CLANG_WARN_EMPTY_BODY = YES;
				CLANG_WARN_ENUM_CONVERSION = YES;
				CLANG_WARN_INFINITE_RECURSION = YES;
				CLANG_WARN_INT_CONVERSION = YES;
				CLANG_WARN_NON_LITERAL_NULL_CONVERSION = YES;
				CLANG_WARN_OBJC_IMPLICIT_RETAIN_SELF = YES;
				CLANG_WARN_OBJC_LITERAL_CONVERSION = YES;
				CLANG_WARN_OBJC_ROOT_CLASS = YES_ERROR;
				CLANG_WARN_QUOTED_INCLUDE_IN_FRAMEWORK_HEADER = YES;
				CLANG_WARN_RANGE_LOOP_ANALYSIS = YES;
				CLANG_WARN_STRICT_PROTOTYPES = YES;
				CLANG_WARN_SUSPICIOUS_MOVE = YES;
				CLANG_WARN_UNGUARDED_AVAILABILITY = YES_AGGRESSIVE;
				CLANG_WARN_UNREACHABLE_CODE = YES;
				CLANG_WARN__DUPLICATE_METHOD_MATCH = YES;
				COPY_PHASE_STRIP = NO;
				DEBUG_INFORMATION_FORMAT = dwarf;
				ENABLE_STRICT_OBJC_MSGSEND = YES;
				ENABLE_TESTABILITY = YES;
				GCC_C_LANGUAGE_STANDARD = gnu11;
				GCC_DYNAMIC_NO_PIC = NO;
				GCC_NO_COMMON_BLOCKS = YES;
				GCC_OPTIMIZATION_LEVEL = 0;
				GCC_PREPROCESSOR_DEFINITIONS = (
					"DEBUG=1",
					"$(inherited)",
				);
				GCC_WARN_64_TO_32_BIT_CONVERSION = YES;
				GCC_WARN_ABOUT_RETURN_TYPE = YES_ERROR;
				GCC_WARN_UNDECLARED_SELECTOR = YES;
				GCC_WARN_UNINITIALIZED_AUTOS = YES_AGGRESSIVE;
				GCC_WARN_UNUSED_FUNCTION = YES;
				GCC_WARN_UNUSED_VARIABLE = YES;
				IPHONEOS_DEPLOYMENT_TARGET = 16.4;
				MTL_ENABLE_DEBUG_INFO = INCLUDE_SOURCE;
				MTL_FAST_MATH = YES;
				ONLY_ACTIVE_ARCH = YES;
				SDKROOT = iphoneos;
				SWIFT_ACTIVE_COMPILATION_CONDITIONS = DEBUG;
				SWIFT_OPTIMIZATION_LEVEL = "-Onone";
			};
			name = Debug;
		};
		9E1152B82A27866C004CB460 /* Release */ = {
			isa = XCBuildConfiguration;
			buildSettings = {
				ALWAYS_SEARCH_USER_PATHS = NO;
				CLANG_ANALYZER_NONNULL = YES;
				CLANG_ANALYZER_NUMBER_OBJECT_CONVERSION = YES_AGGRESSIVE;
				CLANG_CXX_LANGUAGE_STANDARD = "gnu++20";
				CLANG_ENABLE_MODULES = YES;
				CLANG_ENABLE_OBJC_ARC = YES;
				CLANG_ENABLE_OBJC_WEAK = YES;
				CLANG_WARN_BLOCK_CAPTURE_AUTORELEASING = YES;
				CLANG_WARN_BOOL_CONVERSION = YES;
				CLANG_WARN_COMMA = YES;
				CLANG_WARN_CONSTANT_CONVERSION = YES;
				CLANG_WARN_DEPRECATED_OBJC_IMPLEMENTATIONS = YES;
				CLANG_WARN_DIRECT_OBJC_ISA_USAGE = YES_ERROR;
				CLANG_WARN_DOCUMENTATION_COMMENTS = YES;
				CLANG_WARN_EMPTY_BODY = YES;
				CLANG_WARN_ENUM_CONVERSION = YES;
				CLANG_WARN_INFINITE_RECURSION = YES;
				CLANG_WARN_INT_CONVERSION = YES;
				CLANG_WARN_NON_LITERAL_NULL_CONVERSION = YES;
				CLANG_WARN_OBJC_IMPLICIT_RETAIN_SELF = YES;
				CLANG_WARN_OBJC_LITERAL_CONVERSION = YES;
				CLANG_WARN_OBJC_ROOT_CLASS = YES_ERROR;
				CLANG_WARN_QUOTED_INCLUDE_IN_FRAMEWORK_HEADER = YES;
				CLANG_WARN_RANGE_LOOP_ANALYSIS = YES;
				CLANG_WARN_STRICT_PROTOTYPES = YES;
				CLANG_WARN_SUSPICIOUS_MOVE = YES;
				CLANG_WARN_UNGUARDED_AVAILABILITY = YES_AGGRESSIVE;
				CLANG_WARN_UNREACHABLE_CODE = YES;
				CLANG_WARN__DUPLICATE_METHOD_MATCH = YES;
				COPY_PHASE_STRIP = NO;
				DEBUG_INFORMATION_FORMAT = "dwarf-with-dsym";
				ENABLE_NS_ASSERTIONS = NO;
				ENABLE_STRICT_OBJC_MSGSEND = YES;
				GCC_C_LANGUAGE_STANDARD = gnu11;
				GCC_NO_COMMON_BLOCKS = YES;
				GCC_WARN_64_TO_32_BIT_CONVERSION = YES;
				GCC_WARN_ABOUT_RETURN_TYPE = YES_ERROR;
				GCC_WARN_UNDECLARED_SELECTOR = YES;
				GCC_WARN_UNINITIALIZED_AUTOS = YES_AGGRESSIVE;
				GCC_WARN_UNUSED_FUNCTION = YES;
				GCC_WARN_UNUSED_VARIABLE = YES;
				IPHONEOS_DEPLOYMENT_TARGET = 16.4;
				MTL_ENABLE_DEBUG_INFO = NO;
				MTL_FAST_MATH = YES;
				SDKROOT = iphoneos;
				SWIFT_COMPILATION_MODE = wholemodule;
				SWIFT_OPTIMIZATION_LEVEL = "-O";
				VALIDATE_PRODUCT = YES;
			};
			name = Release;
		};
		9E1152BA2A27866C004CB460 /* Debug */ = {
			isa = XCBuildConfiguration;
			buildSettings = {
				ASSETCATALOG_COMPILER_APPICON_NAME = AppIcon;
				ASSETCATALOG_COMPILER_GLOBAL_ACCENT_COLOR_NAME = AccentColor;
				CODE_SIGN_STYLE = Automatic;
				CURRENT_PROJECT_VERSION = 1;
				DEVELOPMENT_ASSET_PATHS = "\"Hubble/Preview Content\"";
				DEVELOPMENT_TEAM = 3VD3F3X6ZU;
				ENABLE_PREVIEWS = YES;
				GENERATE_INFOPLIST_FILE = YES;
				INFOPLIST_KEY_UIApplicationSceneManifest_Generation = YES;
				INFOPLIST_KEY_UIApplicationSupportsIndirectInputEvents = YES;
				INFOPLIST_KEY_UILaunchScreen_Generation = YES;
				INFOPLIST_KEY_UISupportedInterfaceOrientations = UIInterfaceOrientationPortrait;
				INFOPLIST_KEY_UISupportedInterfaceOrientations_iPad = "UIInterfaceOrientationLandscapeLeft UIInterfaceOrientationLandscapeRight UIInterfaceOrientationPortrait UIInterfaceOrientationPortraitUpsideDown";
				IPHONEOS_DEPLOYMENT_TARGET = 16.4;
				LD_RUNPATH_SEARCH_PATHS = (
					"$(inherited)",
					"@executable_path/Frameworks",
				);
				MARKETING_VERSION = 1.0;
				PRODUCT_BUNDLE_IDENTIFIER = abdel.Hubble;
				PRODUCT_NAME = "$(TARGET_NAME)";
				SUPPORTED_PLATFORMS = "iphoneos iphonesimulator";
				SUPPORTS_MACCATALYST = NO;
				SUPPORTS_MAC_DESIGNED_FOR_IPHONE_IPAD = NO;
				SWIFT_EMIT_LOC_STRINGS = YES;
				SWIFT_VERSION = 5.0;
				TARGETED_DEVICE_FAMILY = 1;
			};
			name = Debug;
		};
		9E1152BB2A27866C004CB460 /* Release */ = {
			isa = XCBuildConfiguration;
			buildSettings = {
				ASSETCATALOG_COMPILER_APPICON_NAME = AppIcon;
				ASSETCATALOG_COMPILER_GLOBAL_ACCENT_COLOR_NAME = AccentColor;
				CODE_SIGN_STYLE = Automatic;
				CURRENT_PROJECT_VERSION = 1;
				DEVELOPMENT_ASSET_PATHS = "\"Hubble/Preview Content\"";
				DEVELOPMENT_TEAM = 3VD3F3X6ZU;
				ENABLE_PREVIEWS = YES;
				GENERATE_INFOPLIST_FILE = YES;
				INFOPLIST_KEY_UIApplicationSceneManifest_Generation = YES;
				INFOPLIST_KEY_UIApplicationSupportsIndirectInputEvents = YES;
				INFOPLIST_KEY_UILaunchScreen_Generation = YES;
				INFOPLIST_KEY_UISupportedInterfaceOrientations = UIInterfaceOrientationPortrait;
				INFOPLIST_KEY_UISupportedInterfaceOrientations_iPad = "UIInterfaceOrientationLandscapeLeft UIInterfaceOrientationLandscapeRight UIInterfaceOrientationPortrait UIInterfaceOrientationPortraitUpsideDown";
				IPHONEOS_DEPLOYMENT_TARGET = 16.4;
				LD_RUNPATH_SEARCH_PATHS = (
					"$(inherited)",
					"@executable_path/Frameworks",
				);
				MARKETING_VERSION = 1.0;
				PRODUCT_BUNDLE_IDENTIFIER = abdel.Hubble;
				PRODUCT_NAME = "$(TARGET_NAME)";
				SUPPORTED_PLATFORMS = "iphoneos iphonesimulator";
				SUPPORTS_MACCATALYST = NO;
				SUPPORTS_MAC_DESIGNED_FOR_IPHONE_IPAD = NO;
				SWIFT_EMIT_LOC_STRINGS = YES;
				SWIFT_VERSION = 5.0;
				TARGETED_DEVICE_FAMILY = 1;
			};
			name = Release;
		};
/* End XCBuildConfiguration section */

/* Begin XCConfigurationList section */
		9E1152A62A27866B004CB460 /* Build configuration list for PBXProject "Hubble" */ = {
			isa = XCConfigurationList;
			buildConfigurations = (
				9E1152B72A27866C004CB460 /* Debug */,
				9E1152B82A27866C004CB460 /* Release */,
			);
			defaultConfigurationIsVisible = 0;
			defaultConfigurationName = Release;
		};
		9E1152B92A27866C004CB460 /* Build configuration list for PBXNativeTarget "Hubble" */ = {
			isa = XCConfigurationList;
			buildConfigurations = (
				9E1152BA2A27866C004CB460 /* Debug */,
				9E1152BB2A27866C004CB460 /* Release */,
			);
			defaultConfigurationIsVisible = 0;
			defaultConfigurationName = Release;
		};
/* End XCConfigurationList section */
	};
	rootObject = 9E1152A32A27866B004CB460 /* Project object */;
}
